// !$*UTF8*$!
{
	archiveVersion = 1;
	classes = {
	};
	objectVersion = 50;
	objects = {

/* Begin PBXBuildFile section */
		3D2B87CB21C837ED00C0E180 /* ApiManager.swift in Sources */ = {isa = PBXBuildFile; fileRef = 3D2B87CA21C837ED00C0E180 /* ApiManager.swift */; };
		3D2B87CD21C8390E00C0E180 /* Constants.swift in Sources */ = {isa = PBXBuildFile; fileRef = 3D2B87CC21C8390E00C0E180 /* Constants.swift */; };
		3D2B87CF21C83C6D00C0E180 /* MovieModel.swift in Sources */ = {isa = PBXBuildFile; fileRef = 3D2B87CE21C83C6D00C0E180 /* MovieModel.swift */; };
		3DAE968B21C833D400804F61 /* AppDelegate.swift in Sources */ = {isa = PBXBuildFile; fileRef = 3DAE968A21C833D400804F61 /* AppDelegate.swift */; };
		3DAE968D21C833D400804F61 /* ViewController.swift in Sources */ = {isa = PBXBuildFile; fileRef = 3DAE968C21C833D400804F61 /* ViewController.swift */; };
		3DAE969021C833D400804F61 /* Main.storyboard in Resources */ = {isa = PBXBuildFile; fileRef = 3DAE968E21C833D400804F61 /* Main.storyboard */; };
		3DAE969221C833D600804F61 /* Assets.xcassets in Resources */ = {isa = PBXBuildFile; fileRef = 3DAE969121C833D600804F61 /* Assets.xcassets */; };
		3DAE969521C833D600804F61 /* LaunchScreen.storyboard in Resources */ = {isa = PBXBuildFile; fileRef = 3DAE969321C833D600804F61 /* LaunchScreen.storyboard */; };
		3DAE969F21C835DF00804F61 /* MovieCell.swift in Sources */ = {isa = PBXBuildFile; fileRef = 3DAE969D21C835DF00804F61 /* MovieCell.swift */; };
		3DAE96A021C835DF00804F61 /* MovieCell.xib in Resources */ = {isa = PBXBuildFile; fileRef = 3DAE969E21C835DF00804F61 /* MovieCell.xib */; };
		ECCDB1CEC99288563DBDF724 /* Pods_Movie_io.framework in Frameworks */ = {isa = PBXBuildFile; fileRef = 8DBF7E08DE27A2C64495E950 /* Pods_Movie_io.framework */; };
/* End PBXBuildFile section */

/* Begin PBXFileReference section */
		3D2B87CA21C837ED00C0E180 /* ApiManager.swift */ = {isa = PBXFileReference; lastKnownFileType = sourcecode.swift; path = ApiManager.swift; sourceTree = "<group>"; };
		3D2B87CC21C8390E00C0E180 /* Constants.swift */ = {isa = PBXFileReference; lastKnownFileType = sourcecode.swift; path = Constants.swift; sourceTree = "<group>"; };
		3D2B87CE21C83C6D00C0E180 /* MovieModel.swift */ = {isa = PBXFileReference; lastKnownFileType = sourcecode.swift; path = MovieModel.swift; sourceTree = "<group>"; };
		3DAE968721C833D400804F61 /* Movie.io.app */ = {isa = PBXFileReference; explicitFileType = wrapper.application; includeInIndex = 0; path = Movie.io.app; sourceTree = BUILT_PRODUCTS_DIR; };
		3DAE968A21C833D400804F61 /* AppDelegate.swift */ = {isa = PBXFileReference; lastKnownFileType = sourcecode.swift; path = AppDelegate.swift; sourceTree = "<group>"; };
		3DAE968C21C833D400804F61 /* ViewController.swift */ = {isa = PBXFileReference; lastKnownFileType = sourcecode.swift; path = ViewController.swift; sourceTree = "<group>"; };
		3DAE968F21C833D400804F61 /* Base */ = {isa = PBXFileReference; lastKnownFileType = file.storyboard; name = Base; path = Base.lproj/Main.storyboard; sourceTree = "<group>"; };
		3DAE969121C833D600804F61 /* Assets.xcassets */ = {isa = PBXFileReference; lastKnownFileType = folder.assetcatalog; path = Assets.xcassets; sourceTree = "<group>"; };
		3DAE969421C833D600804F61 /* Base */ = {isa = PBXFileReference; lastKnownFileType = file.storyboard; name = Base; path = Base.lproj/LaunchScreen.storyboard; sourceTree = "<group>"; };
		3DAE969621C833D600804F61 /* Info.plist */ = {isa = PBXFileReference; lastKnownFileType = text.plist.xml; path = Info.plist; sourceTree = "<group>"; };
		3DAE969D21C835DF00804F61 /* MovieCell.swift */ = {isa = PBXFileReference; lastKnownFileType = sourcecode.swift; path = MovieCell.swift; sourceTree = "<group>"; };
		3DAE969E21C835DF00804F61 /* MovieCell.xib */ = {isa = PBXFileReference; lastKnownFileType = file.xib; path = MovieCell.xib; sourceTree = "<group>"; };
		6E501BB2461AF34C61349AA1 /* Pods-Movie.io.release.xcconfig */ = {isa = PBXFileReference; includeInIndex = 1; lastKnownFileType = text.xcconfig; name = "Pods-Movie.io.release.xcconfig"; path = "Pods/Target Support Files/Pods-Movie.io/Pods-Movie.io.release.xcconfig"; sourceTree = "<group>"; };
		8DBF7E08DE27A2C64495E950 /* Pods_Movie_io.framework */ = {isa = PBXFileReference; explicitFileType = wrapper.framework; includeInIndex = 0; path = Pods_Movie_io.framework; sourceTree = BUILT_PRODUCTS_DIR; };
		8DC1026CD01F83E3CDAAC879 /* Pods-Movie.io.debug.xcconfig */ = {isa = PBXFileReference; includeInIndex = 1; lastKnownFileType = text.xcconfig; name = "Pods-Movie.io.debug.xcconfig"; path = "Pods/Target Support Files/Pods-Movie.io/Pods-Movie.io.debug.xcconfig"; sourceTree = "<group>"; };
/* End PBXFileReference section */

/* Begin PBXFrameworksBuildPhase section */
		3DAE968421C833D400804F61 /* Frameworks */ = {
			isa = PBXFrameworksBuildPhase;
			buildActionMask = 2147483647;
			files = (
				ECCDB1CEC99288563DBDF724 /* Pods_Movie_io.framework in Frameworks */,
			);
			runOnlyForDeploymentPostprocessing = 0;
		};
/* End PBXFrameworksBuildPhase section */

/* Begin PBXGroup section */
		3DAE967E21C833D400804F61 = {
			isa = PBXGroup;
			children = (
				3DAE968921C833D400804F61 /* Movie.io */,
				3DAE968821C833D400804F61 /* Products */,
				666AF9822CF083ED094C2FCC /* Pods */,
				65198E987F4F4FB04E72A352 /* Frameworks */,
			);
			sourceTree = "<group>";
		};
		3DAE968821C833D400804F61 /* Products */ = {
			isa = PBXGroup;
			children = (
				3DAE968721C833D400804F61 /* Movie.io.app */,
			);
			name = Products;
			sourceTree = "<group>";
		};
		3DAE968921C833D400804F61 /* Movie.io */ = {
			isa = PBXGroup;
			children = (
				3DAE969C21C835C300804F61 /* Cell */,
				3DAE968A21C833D400804F61 /* AppDelegate.swift */,
				3DAE968C21C833D400804F61 /* ViewController.swift */,
				3DAE968E21C833D400804F61 /* Main.storyboard */,
				3DAE969121C833D600804F61 /* Assets.xcassets */,
				3DAE969321C833D600804F61 /* LaunchScreen.storyboard */,
				3DAE969621C833D600804F61 /* Info.plist */,
				3D2B87CA21C837ED00C0E180 /* ApiManager.swift */,
				3D2B87CC21C8390E00C0E180 /* Constants.swift */,
				3D2B87CE21C83C6D00C0E180 /* MovieModel.swift */,
			);
			path = Movie.io;
			sourceTree = "<group>";
		};
		3DAE969C21C835C300804F61 /* Cell */ = {
			isa = PBXGroup;
			children = (
				3DAE969D21C835DF00804F61 /* MovieCell.swift */,
				3DAE969E21C835DF00804F61 /* MovieCell.xib */,
			);
			path = Cell;
			sourceTree = "<group>";
		};
		65198E987F4F4FB04E72A352 /* Frameworks */ = {
			isa = PBXGroup;
			children = (
				8DBF7E08DE27A2C64495E950 /* Pods_Movie_io.framework */,
			);
			name = Frameworks;
			sourceTree = "<group>";
		};
		666AF9822CF083ED094C2FCC /* Pods */ = {
			isa = PBXGroup;
			children = (
				8DC1026CD01F83E3CDAAC879 /* Pods-Movie.io.debug.xcconfig */,
				6E501BB2461AF34C61349AA1 /* Pods-Movie.io.release.xcconfig */,
			);
			name = Pods;
			sourceTree = "<group>";
		};
/* End PBXGroup section */

/* Begin PBXNativeTarget section */
		3DAE968621C833D400804F61 /* Movie.io */ = {
			isa = PBXNativeTarget;
			buildConfigurationList = 3DAE969921C833D600804F61 /* Build configuration list for PBXNativeTarget "Movie.io" */;
			buildPhases = (
				94CA237202B3F087E4BC868A /* [CP] Check Pods Manifest.lock */,
				3DAE968321C833D400804F61 /* Sources */,
				3DAE968421C833D400804F61 /* Frameworks */,
				3DAE968521C833D400804F61 /* Resources */,
				CB09F26A113404231792A2FC /* [CP] Embed Pods Frameworks */,
				E8B2C4E035BC51959AED57B9 /* [CP] Copy Pods Resources */,
			);
			buildRules = (
			);
			dependencies = (
			);
			name = Movie.io;
			productName = Movie.io;
			productReference = 3DAE968721C833D400804F61 /* Movie.io.app */;
			productType = "com.apple.product-type.application";
		};
/* End PBXNativeTarget section */

/* Begin PBXProject section */
		3DAE967F21C833D400804F61 /* Project object */ = {
			isa = PBXProject;
			attributes = {
				LastSwiftUpdateCheck = 1010;
				LastUpgradeCheck = 1010;
				ORGANIZATIONNAME = fatih;
				TargetAttributes = {
					3DAE968621C833D400804F61 = {
						CreatedOnToolsVersion = 10.1;
					};
				};
			};
			buildConfigurationList = 3DAE968221C833D400804F61 /* Build configuration list for PBXProject "Movie.io" */;
			compatibilityVersion = "Xcode 9.3";
			developmentRegion = en;
			hasScannedForEncodings = 0;
			knownRegions = (
				en,
				Base,
			);
			mainGroup = 3DAE967E21C833D400804F61;
			productRefGroup = 3DAE968821C833D400804F61 /* Products */;
			projectDirPath = "";
			projectRoot = "";
			targets = (
				3DAE968621C833D400804F61 /* Movie.io */,
			);
		};
/* End PBXProject section */

/* Begin PBXResourcesBuildPhase section */
		3DAE968521C833D400804F61 /* Resources */ = {
			isa = PBXResourcesBuildPhase;
			buildActionMask = 2147483647;
			files = (
				3DAE969521C833D600804F61 /* LaunchScreen.storyboard in Resources */,
				3DAE969221C833D600804F61 /* Assets.xcassets in Resources */,
				3DAE96A021C835DF00804F61 /* MovieCell.xib in Resources */,
				3DAE969021C833D400804F61 /* Main.storyboard in Resources */,
			);
			runOnlyForDeploymentPostprocessing = 0;
		};
/* End PBXResourcesBuildPhase section */

/* Begin PBXShellScriptBuildPhase section */
		94CA237202B3F087E4BC868A /* [CP] Check Pods Manifest.lock */ = {
			isa = PBXShellScriptBuildPhase;
			buildActionMask = 2147483647;
			files = (
			);
			inputFileListPaths = (
			);
			inputPaths = (
				"${PODS_PODFILE_DIR_PATH}/Podfile.lock",
				"${PODS_ROOT}/Manifest.lock",
			);
			name = "[CP] Check Pods Manifest.lock";
			outputFileListPaths = (
			);
			outputPaths = (
				"$(DERIVED_FILE_DIR)/Pods-Movie.io-checkManifestLockResult.txt",
			);
			runOnlyForDeploymentPostprocessing = 0;
			shellPath = /bin/sh;
			shellScript = "diff \"${PODS_PODFILE_DIR_PATH}/Podfile.lock\" \"${PODS_ROOT}/Manifest.lock\" > /dev/null\nif [ $? != 0 ] ; then\n    # print error to STDERR\n    echo \"error: The sandbox is not in sync with the Podfile.lock. Run 'pod install' or update your CocoaPods installation.\" >&2\n    exit 1\nfi\n# This output is used by Xcode 'outputs' to avoid re-running this script phase.\necho \"SUCCESS\" > \"${SCRIPT_OUTPUT_FILE_0}\"\n";
			showEnvVarsInLog = 0;
		};
		CB09F26A113404231792A2FC /* [CP] Embed Pods Frameworks */ = {
			isa = PBXShellScriptBuildPhase;
			buildActionMask = 2147483647;
			files = (
			);
			inputFileListPaths = (
			);
			inputPaths = (
				"${SRCROOT}/Pods/Target Support Files/Pods-Movie.io/Pods-Movie.io-frameworks.sh",
				"${BUILT_PRODUCTS_DIR}/Alamofire/Alamofire.framework",
				"${BUILT_PRODUCTS_DIR}/ObjectMapper/ObjectMapper.framework",
				"${BUILT_PRODUCTS_DIR}/SwiftyJSON/SwiftyJSON.framework",
			);
			name = "[CP] Embed Pods Frameworks";
			outputFileListPaths = (
			);
			outputPaths = (
				"${TARGET_BUILD_DIR}/${FRAMEWORKS_FOLDER_PATH}/Alamofire.framework",
				"${TARGET_BUILD_DIR}/${FRAMEWORKS_FOLDER_PATH}/ObjectMapper.framework",
				"${TARGET_BUILD_DIR}/${FRAMEWORKS_FOLDER_PATH}/SwiftyJSON.framework",
			);
			runOnlyForDeploymentPostprocessing = 0;
			shellPath = /bin/sh;
			shellScript = "\"${SRCROOT}/Pods/Target Support Files/Pods-Movie.io/Pods-Movie.io-frameworks.sh\"\n";
			showEnvVarsInLog = 0;
		};
		E8B2C4E035BC51959AED57B9 /* [CP] Copy Pods Resources */ = {
			isa = PBXShellScriptBuildPhase;
			buildActionMask = 2147483647;
			files = (
			);
			inputFileListPaths = (
			);
			inputPaths = (
			);
			name = "[CP] Copy Pods Resources";
			outputFileListPaths = (
			);
			outputPaths = (
			);
			runOnlyForDeploymentPostprocessing = 0;
			shellPath = /bin/sh;
			shellScript = "\"${SRCROOT}/Pods/Target Support Files/Pods-Movie.io/Pods-Movie.io-resources.sh\"\n";
			showEnvVarsInLog = 0;
		};
/* End PBXShellScriptBuildPhase section */

/* Begin PBXSourcesBuildPhase section */
		3DAE968321C833D400804F61 /* Sources */ = {
			isa = PBXSourcesBuildPhase;
			buildActionMask = 2147483647;
			files = (
				3D2B87CF21C83C6D00C0E180 /* MovieModel.swift in Sources */,
				3D2B87CD21C8390E00C0E180 /* Constants.swift in Sources */,
				3D2B87CB21C837ED00C0E180 /* ApiManager.swift in Sources */,
				3DAE968D21C833D400804F61 /* ViewController.swift in Sources */,
				3DAE968B21C833D400804F61 /* AppDelegate.swift in Sources */,
				3DAE969F21C835DF00804F61 /* MovieCell.swift in Sources */,
			);
			runOnlyForDeploymentPostprocessing = 0;
		};
/* End PBXSourcesBuildPhase section */

/* Begin PBXVariantGroup section */
		3DAE968E21C833D400804F61 /* Main.storyboard */ = {
			isa = PBXVariantGroup;
			children = (
				3DAE968F21C833D400804F61 /* Base */,
			);
			name = Main.storyboard;
			sourceTree = "<group>";
		};
		3DAE969321C833D600804F61 /* LaunchScreen.storyboard */ = {
			isa = PBXVariantGroup;
			children = (
				3DAE969421C833D600804F61 /* Base */,
			);
			name = LaunchScreen.storyboard;
			sourceTree = "<group>";
		};
/* End PBXVariantGroup section */

/* Begin XCBuildConfiguration section */
		3DAE969721C833D600804F61 /* Debug */ = {
			isa = XCBuildConfiguration;
			buildSettings = {
				ALWAYS_SEARCH_USER_PATHS = NO;
				CLANG_ANALYZER_NONNULL = YES;
				CLANG_ANALYZER_NUMBER_OBJECT_CONVERSION = YES_AGGRESSIVE;
				CLANG_CXX_LANGUAGE_STANDARD = "gnu++14";
				CLANG_CXX_LIBRARY = "libc++";
				CLANG_ENABLE_MODULES = YES;
				CLANG_ENABLE_OBJC_ARC = YES;
				CLANG_ENABLE_OBJC_WEAK = YES;
				CLANG_WARN_BLOCK_CAPTURE_AUTORELEASING = YES;
				CLANG_WARN_BOOL_CONVERSION = YES;
				CLANG_WARN_COMMA = YES;
				CLANG_WARN_CONSTANT_CONVERSION = YES;
				CLANG_WARN_DEPRECATED_OBJC_IMPLEMENTATIONS = YES;
				CLANG_WARN_DIRECT_OBJC_ISA_USAGE = YES_ERROR;
				CLANG_WARN_DOCUMENTATION_COMMENTS = YES;
				CLANG_WARN_EMPTY_BODY = YES;
				CLANG_WARN_ENUM_CONVERSION = YES;
				CLANG_WARN_INFINITE_RECURSION = YES;
				CLANG_WARN_INT_CONVERSION = YES;
				CLANG_WARN_NON_LITERAL_NULL_CONVERSION = YES;
				CLANG_WARN_OBJC_IMPLICIT_RETAIN_SELF = YES;
				CLANG_WARN_OBJC_LITERAL_CONVERSION = YES;
				CLANG_WARN_OBJC_ROOT_CLASS = YES_ERROR;
				CLANG_WARN_RANGE_LOOP_ANALYSIS = YES;
				CLANG_WARN_STRICT_PROTOTYPES = YES;
				CLANG_WARN_SUSPICIOUS_MOVE = YES;
				CLANG_WARN_UNGUARDED_AVAILABILITY = YES_AGGRESSIVE;
				CLANG_WARN_UNREACHABLE_CODE = YES;
				CLANG_WARN__DUPLICATE_METHOD_MATCH = YES;
				CODE_SIGN_IDENTITY = "iPhone Developer";
				COPY_PHASE_STRIP = NO;
				DEBUG_INFORMATION_FORMAT = dwarf;
				ENABLE_STRICT_OBJC_MSGSEND = YES;
				ENABLE_TESTABILITY = YES;
				GCC_C_LANGUAGE_STANDARD = gnu11;
				GCC_DYNAMIC_NO_PIC = NO;
				GCC_NO_COMMON_BLOCKS = YES;
				GCC_OPTIMIZATION_LEVEL = 0;
				GCC_PREPROCESSOR_DEFINITIONS = (
					"DEBUG=1",
					"$(inherited)",
				);
				GCC_WARN_64_TO_32_BIT_CONVERSION = YES;
				GCC_WARN_ABOUT_RETURN_TYPE = YES_ERROR;
				GCC_WARN_UNDECLARED_SELECTOR = YES;
				GCC_WARN_UNINITIALIZED_AUTOS = YES_AGGRESSIVE;
				GCC_WARN_UNUSED_FUNCTION = YES;
				GCC_WARN_UNUSED_VARIABLE = YES;
				IPHONEOS_DEPLOYMENT_TARGET = 12.1;
				MTL_ENABLE_DEBUG_INFO = INCLUDE_SOURCE;
				MTL_FAST_MATH = YES;
				ONLY_ACTIVE_ARCH = YES;
				SDKROOT = iphoneos;
				SWIFT_ACTIVE_COMPILATION_CONDITIONS = DEBUG;
				SWIFT_OPTIMIZATION_LEVEL = "-Onone";
			};
			name = Debug;
		};
		3DAE969821C833D600804F61 /* Release */ = {
			isa = XCBuildConfiguration;
			buildSettings = {
				ALWAYS_SEARCH_USER_PATHS = NO;
				CLANG_ANALYZER_NONNULL = YES;
				CLANG_ANALYZER_NUMBER_OBJECT_CONVERSION = YES_AGGRESSIVE;
				CLANG_CXX_LANGUAGE_STANDARD = "gnu++14";
				CLANG_CXX_LIBRARY = "libc++";
				CLANG_ENABLE_MODULES = YES;
				CLANG_ENABLE_OBJC_ARC = YES;
				CLANG_ENABLE_OBJC_WEAK = YES;
				CLANG_WARN_BLOCK_CAPTURE_AUTORELEASING = YES;
				CLANG_WARN_BOOL_CONVERSION = YES;
				CLANG_WARN_COMMA = YES;
				CLANG_WARN_CONSTANT_CONVERSION = YES;
				CLANG_WARN_DEPRECATED_OBJC_IMPLEMENTATIONS = YES;
				CLANG_WARN_DIRECT_OBJC_ISA_USAGE = YES_ERROR;
				CLANG_WARN_DOCUMENTATION_COMMENTS = YES;
				CLANG_WARN_EMPTY_BODY = YES;
				CLANG_WARN_ENUM_CONVERSION = YES;
				CLANG_WARN_INFINITE_RECURSION = YES;
				CLANG_WARN_INT_CONVERSION = YES;
				CLANG_WARN_NON_LITERAL_NULL_CONVERSION = YES;
				CLANG_WARN_OBJC_IMPLICIT_RETAIN_SELF = YES;
				CLANG_WARN_OBJC_LITERAL_CONVERSION = YES;
				CLANG_WARN_OBJC_ROOT_CLASS = YES_ERROR;
				CLANG_WARN_RANGE_LOOP_ANALYSIS = YES;
				CLANG_WARN_STRICT_PROTOTYPES = YES;
				CLANG_WARN_SUSPICIOUS_MOVE = YES;
				CLANG_WARN_UNGUARDED_AVAILABILITY = YES_AGGRESSIVE;
				CLANG_WARN_UNREACHABLE_CODE = YES;
				CLANG_WARN__DUPLICATE_METHOD_MATCH = YES;
				CODE_SIGN_IDENTITY = "iPhone Developer";
				COPY_PHASE_STRIP = NO;
				DEBUG_INFORMATION_FORMAT = "dwarf-with-dsym";
				ENABLE_NS_ASSERTIONS = NO;
				ENABLE_STRICT_OBJC_MSGSEND = YES;
				GCC_C_LANGUAGE_STANDARD = gnu11;
				GCC_NO_COMMON_BLOCKS = YES;
				GCC_WARN_64_TO_32_BIT_CONVERSION = YES;
				GCC_WARN_ABOUT_RETURN_TYPE = YES_ERROR;
				GCC_WARN_UNDECLARED_SELECTOR = YES;
				GCC_WARN_UNINITIALIZED_AUTOS = YES_AGGRESSIVE;
				GCC_WARN_UNUSED_FUNCTION = YES;
				GCC_WARN_UNUSED_VARIABLE = YES;
				IPHONEOS_DEPLOYMENT_TARGET = 12.1;
				MTL_ENABLE_DEBUG_INFO = NO;
				MTL_FAST_MATH = YES;
				SDKROOT = iphoneos;
				SWIFT_COMPILATION_MODE = wholemodule;
				SWIFT_OPTIMIZATION_LEVEL = "-O";
				VALIDATE_PRODUCT = YES;
			};
			name = Release;
		};
		3DAE969A21C833D600804F61 /* Debug */ = {
			isa = XCBuildConfiguration;
			baseConfigurationReference = 8DC1026CD01F83E3CDAAC879 /* Pods-Movie.io.debug.xcconfig */;
			buildSettings = {
				ASSETCATALOG_COMPILER_APPICON_NAME = AppIcon;
				CODE_SIGN_STYLE = Automatic;
				DEVELOPMENT_TEAM = NAKT4U9B6R;
				INFOPLIST_FILE = Movie.io/Info.plist;
				LD_RUNPATH_SEARCH_PATHS = (
					"$(inherited)",
					"@executable_path/Frameworks",
				);
				PRODUCT_BUNDLE_IDENTIFIER = "com.movie.Movie-io";
				PRODUCT_NAME = "$(TARGET_NAME)";
				SWIFT_VERSION = 4.2;
				TARGETED_DEVICE_FAMILY = "1,2";
			};
			name = Debug;
		};
		3DAE969B21C833D600804F61 /* Release */ = {
			isa = XCBuildConfiguration;
			baseConfigurationReference = 6E501BB2461AF34C61349AA1 /* Pods-Movie.io.release.xcconfig */;
			buildSettings = {
				ASSETCATALOG_COMPILER_APPICON_NAME = AppIcon;
				CODE_SIGN_STYLE = Automatic;
				DEVELOPMENT_TEAM = NAKT4U9B6R;
				INFOPLIST_FILE = Movie.io/Info.plist;
				LD_RUNPATH_SEARCH_PATHS = (
					"$(inherited)",
					"@executable_path/Frameworks",
				);
				PRODUCT_BUNDLE_IDENTIFIER = "com.movie.Movie-io";
				PRODUCT_NAME = "$(TARGET_NAME)";
				SWIFT_VERSION = 4.2;
				TARGETED_DEVICE_FAMILY = "1,2";
			};
			name = Release;
		};
/* End XCBuildConfiguration section */

/* Begin XCConfigurationList section */
		3DAE968221C833D400804F61 /* Build configuration list for PBXProject "Movie.io" */ = {
			isa = XCConfigurationList;
			buildConfigurations = (
				3DAE969721C833D600804F61 /* Debug */,
				3DAE969821C833D600804F61 /* Release */,
			);
			defaultConfigurationIsVisible = 0;
			defaultConfigurationName = Release;
		};
		3DAE969921C833D600804F61 /* Build configuration list for PBXNativeTarget "Movie.io" */ = {
			isa = XCConfigurationList;
			buildConfigurations = (
				3DAE969A21C833D600804F61 /* Debug */,
				3DAE969B21C833D600804F61 /* Release */,
			);
			defaultConfigurationIsVisible = 0;
			defaultConfigurationName = Release;
		};
/* End XCConfigurationList section */
	};
	rootObject = 3DAE967F21C833D400804F61 /* Project object */;
}
